
Microsoft Visual Studio Solution File, Format Version 12.00
# Visual Studio Version 16
VisualStudioVersion = 16.0.31605.320
MinimumVisualStudioVersion = 10.0.40219.1
Project("{FAE04EC0-301F-11D3-BF4B-00C04F79EFBC}") = "DesafioHerencia", "DesafioHerencia\DesafioHerencia.csproj", "{45E0EA97-B066-4259-8244-77DBC14EBDFD}"
EndProject
Global
	GlobalSection(SolutionConfigurationPlatforms) = preSolution
		Debug|Any CPU = Debug|Any CPU
		Release|Any CPU = Release|Any CPU
	EndGlobalSection
	GlobalSection(ProjectConfigurationPlatforms) = postSolution
		{45E0EA97-B066-4259-8244-77DBC14EBDFD}.Debug|Any CPU.ActiveCfg = Debug|Any CPU
		{45E0EA97-B066-4259-8244-77DBC14EBDFD}.Debug|Any CPU.Build.0 = Debug|Any CPU
		{45E0EA97-B066-4259-8244-77DBC14EBDFD}.Release|Any CPU.ActiveCfg = Release|Any CPU
		{45E0EA97-B066-4259-8244-77DBC14EBDFD}.Release|Any CPU.Build.0 = Release|Any CPU
	EndGlobalSection
	GlobalSection(SolutionProperties) = preSolution
		HideSolutionNode = FALSE
	EndGlobalSection
	GlobalSection(ExtensibilityGlobals) = postSolution
		SolutionGuid = {19DEFD91-39D1-4691-8F94-D286B3444551}
	EndGlobalSection
EndGlobal
