
Microsoft Visual Studio Solution File, Format Version 12.00
# Visual Studio Version 16
VisualStudioVersion = 16.0.31605.320
MinimumVisualStudioVersion = 10.0.40219.1
Project("{FAE04EC0-301F-11D3-BF4B-00C04F79EFBC}") = "EjercicioInterfaces2", "EjercicioInterfaces2\EjercicioInterfaces2.csproj", "{A2ED0B06-7999-4BA9-BEBF-7C625DE3D50E}"
EndProject
Global
	GlobalSection(SolutionConfigurationPlatforms) = preSolution
		Debug|Any CPU = Debug|Any CPU
		Release|Any CPU = Release|Any CPU
	EndGlobalSection
	GlobalSection(ProjectConfigurationPlatforms) = postSolution
		{A2ED0B06-7999-4BA9-BEBF-7C625DE3D50E}.Debug|Any CPU.ActiveCfg = Debug|Any CPU
		{A2ED0B06-7999-4BA9-BEBF-7C625DE3D50E}.Debug|Any CPU.Build.0 = Debug|Any CPU
		{A2ED0B06-7999-4BA9-BEBF-7C625DE3D50E}.Release|Any CPU.ActiveCfg = Release|Any CPU
		{A2ED0B06-7999-4BA9-BEBF-7C625DE3D50E}.Release|Any CPU.Build.0 = Release|Any CPU
	EndGlobalSection
	GlobalSection(SolutionProperties) = preSolution
		HideSolutionNode = FALSE
	EndGlobalSection
	GlobalSection(ExtensibilityGlobals) = postSolution
		SolutionGuid = {0FF86B43-FEA0-4966-9E4B-3C8884ED7D92}
	EndGlobalSection
EndGlobal
